<?xml version="1.0" encoding="UTF-8"?>
<Scheme
   LastUpgradeVersion = "0460"
   version = "1.7">
   <BuildAction
      parallelizeBuildables = "YES"
      buildImplicitDependencies = "YES">
      <BuildActionEntries>
         <BuildActionEntry
            buildForTesting = "YES"
            buildForRunning = "YES"
            buildForProfiling = "YES"
            buildForArchiving = "YES"
            buildForAnalyzing = "YES">
            <BuildableReference
               BuildableIdentifier = "primary"
               BlueprintIdentifier = "410B417613902BA300002A46"
               BuildableName = "pkuapp.app"
               BlueprintName = "pkuapp"
               ReferencedContainer = "container:pkuapp.xcodeproj">
            </BuildableReference>
         </BuildActionEntry>
      </BuildActionEntries>
   </BuildAction>
   <TestAction
      selectedDebuggerIdentifier = "Xcode.DebuggerFoundation.Debugger.LLDB"
      selectedLauncherIdentifier = "Xcode.DebuggerFoundation.Launcher.LLDB"
      shouldUseLaunchSchemeArgsEnv = "YES"
      buildConfiguration = "Debug">
      <Testables>
      </Testables>
      <MacroExpansion>
         <BuildableReference
            BuildableIdentifier = "primary"
            BlueprintIdentifier = "410B417613902BA300002A46"
            BuildableName = "pkuapp.app"
            BlueprintName = "pkuapp"
            ReferencedContainer = "container:pkuapp.xcodeproj">
         </BuildableReference>
      </MacroExpansion>
   </TestAction>
   <LaunchAction
      selectedDebuggerIdentifier = "Xcode.DebuggerFoundation.Debugger.LLDB"
      selectedLauncherIdentifier = "Xcode.DebuggerFoundation.Launcher.LLDB"
      launchStyle = "0"
      useCustomWorkingDirectory = "NO"
      buildConfiguration = "Debug"
      ignoresPersistentStateOnLaunch = "NO"
      debugDocumentVersioning = "YES"
      allowLocationSimulation = "YES">
      <BuildableProductRunnable>
         <BuildableReference
            BuildableIdentifier = "primary"
            BlueprintIdentifier = "410B417613902BA300002A46"
            BuildableName = "pkuapp.app"
            BlueprintName = "pkuapp"
            ReferencedContainer = "container:pkuapp.xcodeproj">
         </BuildableReference>
      </BuildableProductRunnable>
      <AdditionalOptions>
      </AdditionalOptions>
   </LaunchAction>
   <ProfileAction
      shouldUseLaunchSchemeArgsEnv = "YES"
      savedToolIdentifier = ""
      useCustomWorkingDirectory = "NO"
      buildConfiguration = "Release"
      debugDocumentVersioning = "YES">
      <BuildableProductRunnable>
         <BuildableReference
            BuildableIdentifier = "primary"
            BlueprintIdentifier = "410B417613902BA300002A46"
            BuildableName = "pkuapp.app"
            BlueprintName = "pkuapp"
            ReferencedContainer = "container:pkuapp.xcodeproj">
         </BuildableReference>
      </BuildableProductRunnable>
   </ProfileAction>
   <AnalyzeAction
      buildConfiguration = "Debug">
   </AnalyzeAction>
   <ArchiveAction
      buildConfiguration = "Release"
      revealArchiveInOrganizer = "YES">
      <PreActions>
         <ExecutionAction
            ActionType = "Xcode.IDEStandardExecutionActionsCore.ExecutionActionType.ShellScriptAction">
            <ActionContent
               title = "Run Script"
               scriptText = "echo &quot;Bumping build number...&quot;&#10;plist=${PROJECT_DIR}/${INFOPLIST_FILE}&#10;&#10;# increment the build number (ie 115 to 116)&#10;buildnum=$(/usr/libexec/PlistBuddy -c &quot;Print CFBundleVersion&quot; &quot;${plist}&quot;)&#10;if [[ &quot;${buildnum}&quot; == &quot;&quot; ]]; then&#10;echo &quot;No build number in $plist&quot;&#10;exit 2&#10;fi&#10;&#10;buildnum=$(expr $buildnum + 1)&#10;/usr/libexec/Plistbuddy -c &quot;Set CFBundleVersion $buildnum&quot; &quot;${plist}&quot;&#10;echo &quot;Bumped build number to $buildnum&quot;">
               <EnvironmentBuildable>
                  <BuildableReference
                     BuildableIdentifier = "primary"
                     BlueprintIdentifier = "410B417613902BA300002A46"
                     BuildableName = "pkuapp.app"
                     BlueprintName = "pkuapp"
                     ReferencedContainer = "container:pkuapp.xcodeproj">
                  </BuildableReference>
               </EnvironmentBuildable>
            </ActionContent>
         </ExecutionAction>
      </PreActions>
   </ArchiveAction>
</Scheme>
